
Microsoft Visual Studio Solution File, Format Version 12.00
# Visual Studio Version 16
VisualStudioVersion = 16.0.30028.174
MinimumVisualStudioVersion = 10.0.40219.1
Project("{FAE04EC0-301F-11D3-BF4B-00C04F79EFBC}") = "Northwind.Business", "..\CokKatmanliMimariProject\Northwind.Business\Northwind.Business.csproj", "{94FD6C78-0A21-4F2F-BE25-0E8D0F80A344}"
EndProject
Project("{FAE04EC0-301F-11D3-BF4B-00C04F79EFBC}") = "Northwind.DataAccess", "..\CokKatmanliMimariProject\Northwind.DataAccess\Northwind.DataAccess.csproj", "{0A60048E-B8F3-45C9-A1E7-7ACA6B8E17EB}"
EndProject
Project("{FAE04EC0-301F-11D3-BF4B-00C04F79EFBC}") = "Northwind.Entities", "..\CokKatmanliMimariProject\Northwind.Entities\Northwind.Entities.csproj", "{258B8B9B-698C-4F02-80ED-8A17AA82997A}"
EndProject
Project("{FAE04EC0-301F-11D3-BF4B-00C04F79EFBC}") = "Northwind.WinFormsUI", "..\CokKatmanliMimariProject\Northwind.WinFormsUI\Northwind.WinFormsUI.csproj", "{EE35CC52-CDDC-4E20-96D5-9E338C83709D}"
EndProject
Global
	GlobalSection(SolutionConfigurationPlatforms) = preSolution
		Debug|Any CPU = Debug|Any CPU
		Release|Any CPU = Release|Any CPU
	EndGlobalSection
	GlobalSection(ProjectConfigurationPlatforms) = postSolution
		{94FD6C78-0A21-4F2F-BE25-0E8D0F80A344}.Debug|Any CPU.ActiveCfg = Debug|Any CPU
		{94FD6C78-0A21-4F2F-BE25-0E8D0F80A344}.Debug|Any CPU.Build.0 = Debug|Any CPU
		{94FD6C78-0A21-4F2F-BE25-0E8D0F80A344}.Release|Any CPU.ActiveCfg = Release|Any CPU
		{94FD6C78-0A21-4F2F-BE25-0E8D0F80A344}.Release|Any CPU.Build.0 = Release|Any CPU
		{0A60048E-B8F3-45C9-A1E7-7ACA6B8E17EB}.Debug|Any CPU.ActiveCfg = Debug|Any CPU
		{0A60048E-B8F3-45C9-A1E7-7ACA6B8E17EB}.Debug|Any CPU.Build.0 = Debug|Any CPU
		{0A60048E-B8F3-45C9-A1E7-7ACA6B8E17EB}.Release|Any CPU.ActiveCfg = Release|Any CPU
		{0A60048E-B8F3-45C9-A1E7-7ACA6B8E17EB}.Release|Any CPU.Build.0 = Release|Any CPU
		{258B8B9B-698C-4F02-80ED-8A17AA82997A}.Debug|Any CPU.ActiveCfg = Debug|Any CPU
		{258B8B9B-698C-4F02-80ED-8A17AA82997A}.Debug|Any CPU.Build.0 = Debug|Any CPU
		{258B8B9B-698C-4F02-80ED-8A17AA82997A}.Release|Any CPU.ActiveCfg = Release|Any CPU
		{258B8B9B-698C-4F02-80ED-8A17AA82997A}.Release|Any CPU.Build.0 = Release|Any CPU
		{EE35CC52-CDDC-4E20-96D5-9E338C83709D}.Debug|Any CPU.ActiveCfg = Debug|Any CPU
		{EE35CC52-CDDC-4E20-96D5-9E338C83709D}.Debug|Any CPU.Build.0 = Debug|Any CPU
		{EE35CC52-CDDC-4E20-96D5-9E338C83709D}.Release|Any CPU.ActiveCfg = Release|Any CPU
		{EE35CC52-CDDC-4E20-96D5-9E338C83709D}.Release|Any CPU.Build.0 = Release|Any CPU
	EndGlobalSection
	GlobalSection(SolutionProperties) = preSolution
		HideSolutionNode = FALSE
	EndGlobalSection
	GlobalSection(ExtensibilityGlobals) = postSolution
		SolutionGuid = {E8390B05-2745-43D7-88C3-D91252FE5DD1}
	EndGlobalSection
EndGlobal
